
Microsoft Visual Studio Solution File, Format Version 12.00
# Visual Studio Version 17
VisualStudioVersion = 17.1.32414.318
MinimumVisualStudioVersion = 10.0.40219.1
Project("{8BC9CEB8-8B4A-11D0-8D11-00A0C91BC942}") = "OpenCV", "OpenCV\OpenCV.vcxproj", "{46522BF8-2FC6-42FB-9F58-B9731794969B}"
EndProject
Global
	GlobalSection(SolutionConfigurationPlatforms) = preSolution
		Debug|x64 = Debug|x64
		Debug|x86 = Debug|x86
		Release|x64 = Release|x64
		Release|x86 = Release|x86
	EndGlobalSection
	GlobalSection(ProjectConfigurationPlatforms) = postSolution
		{46522BF8-2FC6-42FB-9F58-B9731794969B}.Debug|x64.ActiveCfg = Debug|x64
		{46522BF8-2FC6-42FB-9F58-B9731794969B}.Debug|x64.Build.0 = Debug|x64
		{46522BF8-2FC6-42FB-9F58-B9731794969B}.Debug|x86.ActiveCfg = Debug|Win32
		{46522BF8-2FC6-42FB-9F58-B9731794969B}.Debug|x86.Build.0 = Debug|Win32
		{46522BF8-2FC6-42FB-9F58-B9731794969B}.Release|x64.ActiveCfg = Release|x64
		{46522BF8-2FC6-42FB-9F58-B9731794969B}.Release|x64.Build.0 = Release|x64
		{46522BF8-2FC6-42FB-9F58-B9731794969B}.Release|x86.ActiveCfg = Release|Win32
		{46522BF8-2FC6-42FB-9F58-B9731794969B}.Release|x86.Build.0 = Release|Win32
	EndGlobalSection
	GlobalSection(SolutionProperties) = preSolution
		HideSolutionNode = FALSE
	EndGlobalSection
	GlobalSection(ExtensibilityGlobals) = postSolution
		SolutionGuid = {D28B752F-CDBC-4E7C-B301-E0EA2A96255F}
	EndGlobalSection
EndGlobal
